github.com/davecgh/go-spew v1.1.1 h1:vj9j/u1bqnvCEfJOwUhtlOARqs3+rkHYY13jYWTU97c=
github.com/davecgh/go-spew v1.1.1/go.mod h1:J7Y8YcW2NihsgmVo/mv3lAwl/skON4iLHjSsI+c5H38=
github.com/ryanjdew/http-digest-auth-client v0.0.0-20261002224631-80dfff37a284 h1:NAXOm+leSuHaDAXn/O4+JyhESXyIFDcCxalBTjrL62Y=
github.com/ryanjdew/http-digest-auth-client v0.0.0-20261002224631-80dfff37a284/go.mod h1:/0Ao1pEAD9g0h+9al3mJtQCI9h5hAaBmXQShyz2Qx7U=
